
Microsoft Visual Studio Solution File, Format Version 12.00
# Visual Studio 15
VisualStudioVersion = 15.0.28307.1831
MinimumVisualStudioVersion = 10.0.40219.1
Project("{FAE04EC0-301F-11D3-BF4B-00C04F79EFBC}") = "PingOne_Sample", "PingOne_Sample\PingOne_Sample.csproj", "{47D57143-EFD5-419A-824F-934C3A71F30D}"
EndProject
Global
	GlobalSection(SolutionConfigurationPlatforms) = preSolution
		Debug|Any CPU = Debug|Any CPU
		Release|Any CPU = Release|Any CPU
	EndGlobalSection
	GlobalSection(ProjectConfigurationPlatforms) = postSolution
		{47D57143-EFD5-419A-824F-934C3A71F30D}.Debug|Any CPU.ActiveCfg = Debug|Any CPU
		{47D57143-EFD5-419A-824F-934C3A71F30D}.Debug|Any CPU.Build.0 = Debug|Any CPU
		{47D57143-EFD5-419A-824F-934C3A71F30D}.Release|Any CPU.ActiveCfg = Release|Any CPU
		{47D57143-EFD5-419A-824F-934C3A71F30D}.Release|Any CPU.Build.0 = Release|Any CPU
	EndGlobalSection
	GlobalSection(SolutionProperties) = preSolution
		HideSolutionNode = FALSE
	EndGlobalSection
	GlobalSection(ExtensibilityGlobals) = postSolution
		SolutionGuid = {C65417B7-FF76-448B-A295-CCDFEEFB640C}
	EndGlobalSection
EndGlobal
